
Microsoft Visual Studio Solution File, Format Version 12.00
# Visual Studio 2012
Project("{FAE04EC0-301F-11D3-BF4B-00C04F79EFBC}") = "AboutLuce", "AboutLuce.csproj", "{3B66FF0C-D9A3-4BC2-B095-6AED7EF3B15F}"
EndProject
Project("{FAE04EC0-301F-11D3-BF4B-00C04F79EFBC}") = "AboutLuce.iOS", "iOS\AboutLuce.iOS.csproj", "{25C53AAC-0657-444B-AC03-073BAB0976B3}"
EndProject
Project("{FAE04EC0-301F-11D3-BF4B-00C04F79EFBC}") = "AboutLuce.Droid", "Droid\AboutLuce.Droid.csproj", "{0E663A50-B8B2-490A-BA15-F60F639AA3B2}"
EndProject
Global
	GlobalSection(SolutionConfigurationPlatforms) = preSolution
		Debug|Any CPU = Debug|Any CPU
		Release|Any CPU = Release|Any CPU
		Debug|iPhoneSimulator = Debug|iPhoneSimulator
		Release|iPhone = Release|iPhone
		Release|iPhoneSimulator = Release|iPhoneSimulator
		Debug|iPhone = Debug|iPhone
	EndGlobalSection
	GlobalSection(ProjectConfigurationPlatforms) = postSolution
		{3B66FF0C-D9A3-4BC2-B095-6AED7EF3B15F}.Debug|Any CPU.ActiveCfg = Debug|Any CPU
		{3B66FF0C-D9A3-4BC2-B095-6AED7EF3B15F}.Debug|Any CPU.Build.0 = Debug|Any CPU
		{3B66FF0C-D9A3-4BC2-B095-6AED7EF3B15F}.Release|Any CPU.ActiveCfg = Release|Any CPU
		{3B66FF0C-D9A3-4BC2-B095-6AED7EF3B15F}.Release|Any CPU.Build.0 = Release|Any CPU
		{3B66FF0C-D9A3-4BC2-B095-6AED7EF3B15F}.Debug|iPhoneSimulator.ActiveCfg = Debug|Any CPU
		{3B66FF0C-D9A3-4BC2-B095-6AED7EF3B15F}.Debug|iPhoneSimulator.Build.0 = Debug|Any CPU
		{3B66FF0C-D9A3-4BC2-B095-6AED7EF3B15F}.Release|iPhone.ActiveCfg = Release|Any CPU
		{3B66FF0C-D9A3-4BC2-B095-6AED7EF3B15F}.Release|iPhone.Build.0 = Release|Any CPU
		{3B66FF0C-D9A3-4BC2-B095-6AED7EF3B15F}.Release|iPhoneSimulator.ActiveCfg = Release|Any CPU
		{3B66FF0C-D9A3-4BC2-B095-6AED7EF3B15F}.Release|iPhoneSimulator.Build.0 = Release|Any CPU
		{3B66FF0C-D9A3-4BC2-B095-6AED7EF3B15F}.Debug|iPhone.ActiveCfg = Debug|Any CPU
		{3B66FF0C-D9A3-4BC2-B095-6AED7EF3B15F}.Debug|iPhone.Build.0 = Debug|Any CPU
		{25C53AAC-0657-444B-AC03-073BAB0976B3}.Debug|Any CPU.ActiveCfg = Debug|iPhoneSimulator
		{25C53AAC-0657-444B-AC03-073BAB0976B3}.Debug|Any CPU.Build.0 = Debug|iPhoneSimulator
		{25C53AAC-0657-444B-AC03-073BAB0976B3}.Release|Any CPU.ActiveCfg = Release|iPhone
		{25C53AAC-0657-444B-AC03-073BAB0976B3}.Release|Any CPU.Build.0 = Release|iPhone
		{25C53AAC-0657-444B-AC03-073BAB0976B3}.Debug|iPhoneSimulator.ActiveCfg = Debug|iPhoneSimulator
		{25C53AAC-0657-444B-AC03-073BAB0976B3}.Debug|iPhoneSimulator.Build.0 = Debug|iPhoneSimulator
		{25C53AAC-0657-444B-AC03-073BAB0976B3}.Release|iPhone.ActiveCfg = Release|iPhone
		{25C53AAC-0657-444B-AC03-073BAB0976B3}.Release|iPhone.Build.0 = Release|iPhone
		{25C53AAC-0657-444B-AC03-073BAB0976B3}.Release|iPhoneSimulator.ActiveCfg = Release|iPhoneSimulator
		{25C53AAC-0657-444B-AC03-073BAB0976B3}.Release|iPhoneSimulator.Build.0 = Release|iPhoneSimulator
		{25C53AAC-0657-444B-AC03-073BAB0976B3}.Debug|iPhone.ActiveCfg = Debug|iPhone
		{25C53AAC-0657-444B-AC03-073BAB0976B3}.Debug|iPhone.Build.0 = Debug|iPhone
		{0E663A50-B8B2-490A-BA15-F60F639AA3B2}.Debug|Any CPU.ActiveCfg = Debug|Any CPU
		{0E663A50-B8B2-490A-BA15-F60F639AA3B2}.Debug|Any CPU.Build.0 = Debug|Any CPU
		{0E663A50-B8B2-490A-BA15-F60F639AA3B2}.Release|Any CPU.ActiveCfg = Release|Any CPU
		{0E663A50-B8B2-490A-BA15-F60F639AA3B2}.Release|Any CPU.Build.0 = Release|Any CPU
		{0E663A50-B8B2-490A-BA15-F60F639AA3B2}.Debug|iPhoneSimulator.ActiveCfg = Debug|Any CPU
		{0E663A50-B8B2-490A-BA15-F60F639AA3B2}.Debug|iPhoneSimulator.Build.0 = Debug|Any CPU
		{0E663A50-B8B2-490A-BA15-F60F639AA3B2}.Release|iPhone.ActiveCfg = Release|Any CPU
		{0E663A50-B8B2-490A-BA15-F60F639AA3B2}.Release|iPhone.Build.0 = Release|Any CPU
		{0E663A50-B8B2-490A-BA15-F60F639AA3B2}.Release|iPhoneSimulator.ActiveCfg = Release|Any CPU
		{0E663A50-B8B2-490A-BA15-F60F639AA3B2}.Release|iPhoneSimulator.Build.0 = Release|Any CPU
		{0E663A50-B8B2-490A-BA15-F60F639AA3B2}.Debug|iPhone.ActiveCfg = Debug|Any CPU
		{0E663A50-B8B2-490A-BA15-F60F639AA3B2}.Debug|iPhone.Build.0 = Debug|Any CPU
	EndGlobalSection
EndGlobal
